
Microsoft Visual Studio Solution File, Format Version 12.00
# Visual Studio 2012
Project("{FAE04EC0-301F-11D3-BF4B-00C04F79EFBC}") = "Zulu", "Zulu\Zulu.csproj", "{FF526517-CAC6-464A-9242-66572F0091F8}"
EndProject
Project("{FAE04EC0-301F-11D3-BF4B-00C04F79EFBC}") = "Zulu.Tests", "Zulu.Tests\Zulu.Tests.csproj", "{3A08E35C-57E2-4EBD-AEB3-B68CF626AB48}"
EndProject
Global
	GlobalSection(SolutionConfigurationPlatforms) = preSolution
		Debug|Any CPU = Debug|Any CPU
		Release|Any CPU = Release|Any CPU
	EndGlobalSection
	GlobalSection(ProjectConfigurationPlatforms) = postSolution
		{FF526517-CAC6-464A-9242-66572F0091F8}.Debug|Any CPU.ActiveCfg = Debug|Any CPU
		{FF526517-CAC6-464A-9242-66572F0091F8}.Debug|Any CPU.Build.0 = Debug|Any CPU
		{FF526517-CAC6-464A-9242-66572F0091F8}.Release|Any CPU.ActiveCfg = Release|Any CPU
		{FF526517-CAC6-464A-9242-66572F0091F8}.Release|Any CPU.Build.0 = Release|Any CPU
		{3A08E35C-57E2-4EBD-AEB3-B68CF626AB48}.Debug|Any CPU.ActiveCfg = Debug|Any CPU
		{3A08E35C-57E2-4EBD-AEB3-B68CF626AB48}.Debug|Any CPU.Build.0 = Debug|Any CPU
		{3A08E35C-57E2-4EBD-AEB3-B68CF626AB48}.Release|Any CPU.ActiveCfg = Release|Any CPU
		{3A08E35C-57E2-4EBD-AEB3-B68CF626AB48}.Release|Any CPU.Build.0 = Release|Any CPU
	EndGlobalSection
	GlobalSection(SolutionProperties) = preSolution
		HideSolutionNode = FALSE
	EndGlobalSection
EndGlobal
